// !$*UTF8*$!
{
	archiveVersion = 1;
	classes = {
	};
	objectVersion = 56;
	objects = {

/* Begin PBXBuildFile section */
		9E63AF022B86B6CC007F3D40 /* AppDelegate.swift in Sources */ = {isa = PBXBuildFile; fileRef = 9E63AF012B86B6CC007F3D40 /* AppDelegate.swift */; };
		9E63AF042B86B6CC007F3D40 /* SceneDelegate.swift in Sources */ = {isa = PBXBuildFile; fileRef = 9E63AF032B86B6CC007F3D40 /* SceneDelegate.swift */; };
		9E63AF062B86B6CC007F3D40 /* ViewController.swift in Sources */ = {isa = PBXBuildFile; fileRef = 9E63AF052B86B6CC007F3D40 /* ViewController.swift */; };
		9E63AF092B86B6CC007F3D40 /* Main.storyboard in Resources */ = {isa = PBXBuildFile; fileRef = 9E63AF072B86B6CC007F3D40 /* Main.storyboard */; };
		9E63AF0B2B86B6CF007F3D40 /* Assets.xcassets in Resources */ = {isa = PBXBuildFile; fileRef = 9E63AF0A2B86B6CF007F3D40 /* Assets.xcassets */; };
		9E63AF0E2B86B6CF007F3D40 /* LaunchScreen.storyboard in Resources */ = {isa = PBXBuildFile; fileRef = 9E63AF0C2B86B6CF007F3D40 /* LaunchScreen.storyboard */; };
		9E63AF162B86B7D9007F3D40 /* GoogleService-Info.plist in Resources */ = {isa = PBXBuildFile; fileRef = 9E63AF152B86B7D9007F3D40 /* GoogleService-Info.plist */; };
		9E63AF182B86BDD5007F3D40 /* AuthenticationFirebaseDataSource.swift in Sources */ = {isa = PBXBuildFile; fileRef = 9E63AF172B86BDD5007F3D40 /* AuthenticationFirebaseDataSource.swift */; };
		9E63AF1A2B86C2B6007F3D40 /* AuthenticationRepository.swift in Sources */ = {isa = PBXBuildFile; fileRef = 9E63AF192B86C2B6007F3D40 /* AuthenticationRepository.swift */; };
		9E63AF1C2B86F501007F3D40 /* AuthenticationViewModel.swift in Sources */ = {isa = PBXBuildFile; fileRef = 9E63AF1B2B86F501007F3D40 /* AuthenticationViewModel.swift */; };
		9E63AF1E2B86F9F0007F3D40 /* RegisterViewController.swift in Sources */ = {isa = PBXBuildFile; fileRef = 9E63AF1D2B86F9F0007F3D40 /* RegisterViewController.swift */; };
		9E63AF202B86FA7C007F3D40 /* LoginViewController.swift in Sources */ = {isa = PBXBuildFile; fileRef = 9E63AF1F2B86FA7C007F3D40 /* LoginViewController.swift */; };
		9E63AF222B86FF0B007F3D40 /* Coordinator.swift in Sources */ = {isa = PBXBuildFile; fileRef = 9E63AF212B86FF0B007F3D40 /* Coordinator.swift */; };
		9ED850292B87A4CF001DE9A6 /* UserLoged.storyboard in Resources */ = {isa = PBXBuildFile; fileRef = 9ED850282B87A4CF001DE9A6 /* UserLoged.storyboard */; };
		9ED8502B2B87A4F0001DE9A6 /* UserLogedViewController.swift in Sources */ = {isa = PBXBuildFile; fileRef = 9ED8502A2B87A4F0001DE9A6 /* UserLogedViewController.swift */; };
/* End PBXBuildFile section */

/* Begin PBXFileReference section */
		9E63AEFE2B86B6CC007F3D40 /* firebaseUIkit.app */ = {isa = PBXFileReference; explicitFileType = wrapper.application; includeInIndex = 0; path = firebaseUIkit.app; sourceTree = BUILT_PRODUCTS_DIR; };
		9E63AF012B86B6CC007F3D40 /* AppDelegate.swift */ = {isa = PBXFileReference; lastKnownFileType = sourcecode.swift; path = AppDelegate.swift; sourceTree = "<group>"; };
		9E63AF032B86B6CC007F3D40 /* SceneDelegate.swift */ = {isa = PBXFileReference; lastKnownFileType = sourcecode.swift; path = SceneDelegate.swift; sourceTree = "<group>"; };
		9E63AF052B86B6CC007F3D40 /* ViewController.swift */ = {isa = PBXFileReference; lastKnownFileType = sourcecode.swift; path = ViewController.swift; sourceTree = "<group>"; };
		9E63AF082B86B6CC007F3D40 /* Base */ = {isa = PBXFileReference; lastKnownFileType = file.storyboard; name = Base; path = Base.lproj/Main.storyboard; sourceTree = "<group>"; };
		9E63AF0A2B86B6CF007F3D40 /* Assets.xcassets */ = {isa = PBXFileReference; lastKnownFileType = folder.assetcatalog; path = Assets.xcassets; sourceTree = "<group>"; };
		9E63AF0D2B86B6CF007F3D40 /* Base */ = {isa = PBXFileReference; lastKnownFileType = file.storyboard; name = Base; path = Base.lproj/LaunchScreen.storyboard; sourceTree = "<group>"; };
		9E63AF0F2B86B6CF007F3D40 /* Info.plist */ = {isa = PBXFileReference; lastKnownFileType = text.plist.xml; path = Info.plist; sourceTree = "<group>"; };
		9E63AF152B86B7D9007F3D40 /* GoogleService-Info.plist */ = {isa = PBXFileReference; fileEncoding = 4; lastKnownFileType = text.plist.xml; path = "GoogleService-Info.plist"; sourceTree = "<group>"; };
		9E63AF172B86BDD5007F3D40 /* AuthenticationFirebaseDataSource.swift */ = {isa = PBXFileReference; lastKnownFileType = sourcecode.swift; path = AuthenticationFirebaseDataSource.swift; sourceTree = "<group>"; };
		9E63AF192B86C2B6007F3D40 /* AuthenticationRepository.swift */ = {isa = PBXFileReference; lastKnownFileType = sourcecode.swift; path = AuthenticationRepository.swift; sourceTree = "<group>"; };
		9E63AF1B2B86F501007F3D40 /* AuthenticationViewModel.swift */ = {isa = PBXFileReference; lastKnownFileType = sourcecode.swift; path = AuthenticationViewModel.swift; sourceTree = "<group>"; };
		9E63AF1D2B86F9F0007F3D40 /* RegisterViewController.swift */ = {isa = PBXFileReference; lastKnownFileType = sourcecode.swift; path = RegisterViewController.swift; sourceTree = "<group>"; };
		9E63AF1F2B86FA7C007F3D40 /* LoginViewController.swift */ = {isa = PBXFileReference; lastKnownFileType = sourcecode.swift; path = LoginViewController.swift; sourceTree = "<group>"; };
		9E63AF212B86FF0B007F3D40 /* Coordinator.swift */ = {isa = PBXFileReference; lastKnownFileType = sourcecode.swift; path = Coordinator.swift; sourceTree = "<group>"; };
		9ED850282B87A4CF001DE9A6 /* UserLoged.storyboard */ = {isa = PBXFileReference; lastKnownFileType = file.storyboard; path = UserLoged.storyboard; sourceTree = "<group>"; };
		9ED8502A2B87A4F0001DE9A6 /* UserLogedViewController.swift */ = {isa = PBXFileReference; lastKnownFileType = sourcecode.swift; path = UserLogedViewController.swift; sourceTree = "<group>"; };
/* End PBXFileReference section */

/* Begin PBXFrameworksBuildPhase section */
		9E63AEFB2B86B6CC007F3D40 /* Frameworks */ = {
			isa = PBXFrameworksBuildPhase;
			buildActionMask = 2147483647;
			files = (
			);
			runOnlyForDeploymentPostprocessing = 0;
		};
/* End PBXFrameworksBuildPhase section */

/* Begin PBXGroup section */
		6C2275CD68A6F5907911D4F6 /* Pods */ = {
			isa = PBXGroup;
			children = (
			);
			path = Pods;
			sourceTree = "<group>";
		};
		9E35AEE42B88747400AADE79 /* Repository */ = {
			isa = PBXGroup;
			children = (
				9E63AF192B86C2B6007F3D40 /* AuthenticationRepository.swift */,
				9E63AF172B86BDD5007F3D40 /* AuthenticationFirebaseDataSource.swift */,
			);
			name = Repository;
			sourceTree = "<group>";
		};
		9E63AEF52B86B6CC007F3D40 = {
			isa = PBXGroup;
			children = (
				9E63AF002B86B6CC007F3D40 /* firebaseUIkit */,
				9E63AEFF2B86B6CC007F3D40 /* Products */,
				6C2275CD68A6F5907911D4F6 /* Pods */,
			);
			sourceTree = "<group>";
		};
		9E63AEFF2B86B6CC007F3D40 /* Products */ = {
			isa = PBXGroup;
			children = (
				9E63AEFE2B86B6CC007F3D40 /* firebaseUIkit.app */,
			);
			name = Products;
			sourceTree = "<group>";
		};
		9E63AF002B86B6CC007F3D40 /* firebaseUIkit */ = {
			isa = PBXGroup;
			children = (
				9E63AF152B86B7D9007F3D40 /* GoogleService-Info.plist */,
				9E63AF012B86B6CC007F3D40 /* AppDelegate.swift */,
				9E63AF032B86B6CC007F3D40 /* SceneDelegate.swift */,
				9ED8502C2B87A57F001DE9A6 /* View */,
				9ED8502E2B87A652001DE9A6 /* ViewModel */,
				9E35AEE42B88747400AADE79 /* Repository */,
				9E63AF212B86FF0B007F3D40 /* Coordinator.swift */,
				9E63AF0A2B86B6CF007F3D40 /* Assets.xcassets */,
				9E63AF0C2B86B6CF007F3D40 /* LaunchScreen.storyboard */,
				9E63AF0F2B86B6CF007F3D40 /* Info.plist */,
			);
			path = firebaseUIkit;
			sourceTree = "<group>";
		};
		9ED8502C2B87A57F001DE9A6 /* View */ = {
			isa = PBXGroup;
			children = (
				9ED8502D2B87A62F001DE9A6 /* UserLoged */,
				9E63AF072B86B6CC007F3D40 /* Main.storyboard */,
				9E63AF052B86B6CC007F3D40 /* ViewController.swift */,
				9E63AF1F2B86FA7C007F3D40 /* LoginViewController.swift */,
				9E63AF1D2B86F9F0007F3D40 /* RegisterViewController.swift */,
			);
			path = View;
			sourceTree = "<group>";
		};
		9ED8502D2B87A62F001DE9A6 /* UserLoged */ = {
			isa = PBXGroup;
			children = (
				9ED8502A2B87A4F0001DE9A6 /* UserLogedViewController.swift */,
				9ED850282B87A4CF001DE9A6 /* UserLoged.storyboard */,
			);
			path = UserLoged;
			sourceTree = "<group>";
		};
		9ED8502E2B87A652001DE9A6 /* ViewModel */ = {
			isa = PBXGroup;
			children = (
				9E63AF1B2B86F501007F3D40 /* AuthenticationViewModel.swift */,
			);
			path = ViewModel;
			sourceTree = "<group>";
		};
/* End PBXGroup section */

/* Begin PBXNativeTarget section */
		9E63AEFD2B86B6CC007F3D40 /* firebaseUIkit */ = {
			isa = PBXNativeTarget;
			buildConfigurationList = 9E63AF122B86B6CF007F3D40 /* Build configuration list for PBXNativeTarget "firebaseUIkit" */;
			buildPhases = (
				9E63AEFA2B86B6CC007F3D40 /* Sources */,
				9E63AEFB2B86B6CC007F3D40 /* Frameworks */,
				9E63AEFC2B86B6CC007F3D40 /* Resources */,
			);
			buildRules = (
			);
			dependencies = (
			);
			name = firebaseUIkit;
			productName = firebaseUIkit;
			productReference = 9E63AEFE2B86B6CC007F3D40 /* firebaseUIkit.app */;
			productType = "com.apple.product-type.application";
		};
/* End PBXNativeTarget section */

/* Begin PBXProject section */
		9E63AEF62B86B6CC007F3D40 /* Project object */ = {
			isa = PBXProject;
			attributes = {
				BuildIndependentTargetsInParallel = 1;
				LastSwiftUpdateCheck = 1520;
				LastUpgradeCheck = 1520;
				TargetAttributes = {
					9E63AEFD2B86B6CC007F3D40 = {
						CreatedOnToolsVersion = 15.2;
					};
				};
			};
			buildConfigurationList = 9E63AEF92B86B6CC007F3D40 /* Build configuration list for PBXProject "firebaseUIkit" */;
			compatibilityVersion = "Xcode 14.0";
			developmentRegion = en;
			hasScannedForEncodings = 0;
			knownRegions = (
				en,
				Base,
			);
			mainGroup = 9E63AEF52B86B6CC007F3D40;
			productRefGroup = 9E63AEFF2B86B6CC007F3D40 /* Products */;
			projectDirPath = "";
			projectRoot = "";
			targets = (
				9E63AEFD2B86B6CC007F3D40 /* firebaseUIkit */,
			);
		};
/* End PBXProject section */

/* Begin PBXResourcesBuildPhase section */
		9E63AEFC2B86B6CC007F3D40 /* Resources */ = {
			isa = PBXResourcesBuildPhase;
			buildActionMask = 2147483647;
			files = (
				9E63AF0E2B86B6CF007F3D40 /* LaunchScreen.storyboard in Resources */,
				9ED850292B87A4CF001DE9A6 /* UserLoged.storyboard in Resources */,
				9E63AF162B86B7D9007F3D40 /* GoogleService-Info.plist in Resources */,
				9E63AF0B2B86B6CF007F3D40 /* Assets.xcassets in Resources */,
				9E63AF092B86B6CC007F3D40 /* Main.storyboard in Resources */,
			);
			runOnlyForDeploymentPostprocessing = 0;
		};
/* End PBXResourcesBuildPhase section */

/* Begin PBXSourcesBuildPhase section */
		9E63AEFA2B86B6CC007F3D40 /* Sources */ = {
			isa = PBXSourcesBuildPhase;
			buildActionMask = 2147483647;
			files = (
				9E63AF1C2B86F501007F3D40 /* AuthenticationViewModel.swift in Sources */,
				9E63AF062B86B6CC007F3D40 /* ViewController.swift in Sources */,
				9E63AF1E2B86F9F0007F3D40 /* RegisterViewController.swift in Sources */,
				9ED8502B2B87A4F0001DE9A6 /* UserLogedViewController.swift in Sources */,
				9E63AF182B86BDD5007F3D40 /* AuthenticationFirebaseDataSource.swift in Sources */,
				9E63AF202B86FA7C007F3D40 /* LoginViewController.swift in Sources */,
				9E63AF022B86B6CC007F3D40 /* AppDelegate.swift in Sources */,
				9E63AF1A2B86C2B6007F3D40 /* AuthenticationRepository.swift in Sources */,
				9E63AF042B86B6CC007F3D40 /* SceneDelegate.swift in Sources */,
				9E63AF222B86FF0B007F3D40 /* Coordinator.swift in Sources */,
			);
			runOnlyForDeploymentPostprocessing = 0;
		};
/* End PBXSourcesBuildPhase section */

/* Begin PBXVariantGroup section */
		9E63AF072B86B6CC007F3D40 /* Main.storyboard */ = {
			isa = PBXVariantGroup;
			children = (
				9E63AF082B86B6CC007F3D40 /* Base */,
			);
			name = Main.storyboard;
			sourceTree = "<group>";
		};
		9E63AF0C2B86B6CF007F3D40 /* LaunchScreen.storyboard */ = {
			isa = PBXVariantGroup;
			children = (
				9E63AF0D2B86B6CF007F3D40 /* Base */,
			);
			name = LaunchScreen.storyboard;
			sourceTree = "<group>";
		};
/* End PBXVariantGroup section */

/* Begin XCBuildConfiguration section */
		9E63AF102B86B6CF007F3D40 /* Debug */ = {
			isa = XCBuildConfiguration;
			buildSettings = {
				ALWAYS_SEARCH_USER_PATHS = NO;
				ASSETCATALOG_COMPILER_GENERATE_SWIFT_ASSET_SYMBOL_EXTENSIONS = YES;
				CLANG_ANALYZER_NONNULL = YES;
				CLANG_ANALYZER_NUMBER_OBJECT_CONVERSION = YES_AGGRESSIVE;
				CLANG_CXX_LANGUAGE_STANDARD = "gnu++20";
				CLANG_ENABLE_MODULES = YES;
				CLANG_ENABLE_OBJC_ARC = YES;
				CLANG_ENABLE_OBJC_WEAK = YES;
				CLANG_WARN_BLOCK_CAPTURE_AUTORELEASING = YES;
				CLANG_WARN_BOOL_CONVERSION = YES;
				CLANG_WARN_COMMA = YES;
				CLANG_WARN_CONSTANT_CONVERSION = YES;
				CLANG_WARN_DEPRECATED_OBJC_IMPLEMENTATIONS = YES;
				CLANG_WARN_DIRECT_OBJC_ISA_USAGE = YES_ERROR;
				CLANG_WARN_DOCUMENTATION_COMMENTS = YES;
				CLANG_WARN_EMPTY_BODY = YES;
				CLANG_WARN_ENUM_CONVERSION = YES;
				CLANG_WARN_INFINITE_RECURSION = YES;
				CLANG_WARN_INT_CONVERSION = YES;
				CLANG_WARN_NON_LITERAL_NULL_CONVERSION = YES;
				CLANG_WARN_OBJC_IMPLICIT_RETAIN_SELF = YES;
				CLANG_WARN_OBJC_LITERAL_CONVERSION = YES;
				CLANG_WARN_OBJC_ROOT_CLASS = YES_ERROR;
				CLANG_WARN_QUOTED_INCLUDE_IN_FRAMEWORK_HEADER = YES;
				CLANG_WARN_RANGE_LOOP_ANALYSIS = YES;
				CLANG_WARN_STRICT_PROTOTYPES = YES;
				CLANG_WARN_SUSPICIOUS_MOVE = YES;
				CLANG_WARN_UNGUARDED_AVAILABILITY = YES_AGGRESSIVE;
				CLANG_WARN_UNREACHABLE_CODE = YES;
				CLANG_WARN__DUPLICATE_METHOD_MATCH = YES;
				COPY_PHASE_STRIP = NO;
				DEBUG_INFORMATION_FORMAT = dwarf;
				ENABLE_STRICT_OBJC_MSGSEND = YES;
				ENABLE_TESTABILITY = YES;
				ENABLE_USER_SCRIPT_SANDBOXING = YES;
				GCC_C_LANGUAGE_STANDARD = gnu17;
				GCC_DYNAMIC_NO_PIC = NO;
				GCC_NO_COMMON_BLOCKS = YES;
				GCC_OPTIMIZATION_LEVEL = 0;
				GCC_PREPROCESSOR_DEFINITIONS = (
					"DEBUG=1",
					"$(inherited)",
				);
				GCC_WARN_64_TO_32_BIT_CONVERSION = YES;
				GCC_WARN_ABOUT_RETURN_TYPE = YES_ERROR;
				GCC_WARN_UNDECLARED_SELECTOR = YES;
				GCC_WARN_UNINITIALIZED_AUTOS = YES_AGGRESSIVE;
				GCC_WARN_UNUSED_FUNCTION = YES;
				GCC_WARN_UNUSED_VARIABLE = YES;
				IPHONEOS_DEPLOYMENT_TARGET = 17.2;
				LOCALIZATION_PREFERS_STRING_CATALOGS = YES;
				MTL_ENABLE_DEBUG_INFO = INCLUDE_SOURCE;
				MTL_FAST_MATH = YES;
				ONLY_ACTIVE_ARCH = YES;
				SDKROOT = iphoneos;
				SWIFT_ACTIVE_COMPILATION_CONDITIONS = "DEBUG $(inherited)";
				SWIFT_OPTIMIZATION_LEVEL = "-Onone";
			};
			name = Debug;
		};
		9E63AF112B86B6CF007F3D40 /* Release */ = {
			isa = XCBuildConfiguration;
			buildSettings = {
				ALWAYS_SEARCH_USER_PATHS = NO;
				ASSETCATALOG_COMPILER_GENERATE_SWIFT_ASSET_SYMBOL_EXTENSIONS = YES;
				CLANG_ANALYZER_NONNULL = YES;
				CLANG_ANALYZER_NUMBER_OBJECT_CONVERSION = YES_AGGRESSIVE;
				CLANG_CXX_LANGUAGE_STANDARD = "gnu++20";
				CLANG_ENABLE_MODULES = YES;
				CLANG_ENABLE_OBJC_ARC = YES;
				CLANG_ENABLE_OBJC_WEAK = YES;
				CLANG_WARN_BLOCK_CAPTURE_AUTORELEASING = YES;
				CLANG_WARN_BOOL_CONVERSION = YES;
				CLANG_WARN_COMMA = YES;
				CLANG_WARN_CONSTANT_CONVERSION = YES;
				CLANG_WARN_DEPRECATED_OBJC_IMPLEMENTATIONS = YES;
				CLANG_WARN_DIRECT_OBJC_ISA_USAGE = YES_ERROR;
				CLANG_WARN_DOCUMENTATION_COMMENTS = YES;
				CLANG_WARN_EMPTY_BODY = YES;
				CLANG_WARN_ENUM_CONVERSION = YES;
				CLANG_WARN_INFINITE_RECURSION = YES;
				CLANG_WARN_INT_CONVERSION = YES;
				CLANG_WARN_NON_LITERAL_NULL_CONVERSION = YES;
				CLANG_WARN_OBJC_IMPLICIT_RETAIN_SELF = YES;
				CLANG_WARN_OBJC_LITERAL_CONVERSION = YES;
				CLANG_WARN_OBJC_ROOT_CLASS = YES_ERROR;
				CLANG_WARN_QUOTED_INCLUDE_IN_FRAMEWORK_HEADER = YES;
				CLANG_WARN_RANGE_LOOP_ANALYSIS = YES;
				CLANG_WARN_STRICT_PROTOTYPES = YES;
				CLANG_WARN_SUSPICIOUS_MOVE = YES;
				CLANG_WARN_UNGUARDED_AVAILABILITY = YES_AGGRESSIVE;
				CLANG_WARN_UNREACHABLE_CODE = YES;
				CLANG_WARN__DUPLICATE_METHOD_MATCH = YES;
				COPY_PHASE_STRIP = NO;
				DEBUG_INFORMATION_FORMAT = "dwarf-with-dsym";
				ENABLE_NS_ASSERTIONS = NO;
				ENABLE_STRICT_OBJC_MSGSEND = YES;
				ENABLE_USER_SCRIPT_SANDBOXING = YES;
				GCC_C_LANGUAGE_STANDARD = gnu17;
				GCC_NO_COMMON_BLOCKS = YES;
				GCC_WARN_64_TO_32_BIT_CONVERSION = YES;
				GCC_WARN_ABOUT_RETURN_TYPE = YES_ERROR;
				GCC_WARN_UNDECLARED_SELECTOR = YES;
				GCC_WARN_UNINITIALIZED_AUTOS = YES_AGGRESSIVE;
				GCC_WARN_UNUSED_FUNCTION = YES;
				GCC_WARN_UNUSED_VARIABLE = YES;
				IPHONEOS_DEPLOYMENT_TARGET = 17.2;
				LOCALIZATION_PREFERS_STRING_CATALOGS = YES;
				MTL_ENABLE_DEBUG_INFO = NO;
				MTL_FAST_MATH = YES;
				SDKROOT = iphoneos;
				SWIFT_COMPILATION_MODE = wholemodule;
				VALIDATE_PRODUCT = YES;
			};
			name = Release;
		};
		9E63AF132B86B6CF007F3D40 /* Debug */ = {
			isa = XCBuildConfiguration;
			buildSettings = {
				ASSETCATALOG_COMPILER_APPICON_NAME = AppIcon;
				ASSETCATALOG_COMPILER_GLOBAL_ACCENT_COLOR_NAME = AccentColor;
				CODE_SIGN_STYLE = Automatic;
				CURRENT_PROJECT_VERSION = 1;
				DEVELOPMENT_TEAM = 9QDXF859Y3;
				ENABLE_USER_SCRIPT_SANDBOXING = NO;
				GENERATE_INFOPLIST_FILE = YES;
				INFOPLIST_FILE = firebaseUIkit/Info.plist;
				INFOPLIST_KEY_UIApplicationSupportsIndirectInputEvents = YES;
				INFOPLIST_KEY_UILaunchStoryboardName = LaunchScreen;
				INFOPLIST_KEY_UIMainStoryboardFile = Main;
				INFOPLIST_KEY_UISupportedInterfaceOrientations_iPad = "UIInterfaceOrientationPortrait UIInterfaceOrientationPortraitUpsideDown UIInterfaceOrientationLandscapeLeft UIInterfaceOrientationLandscapeRight";
				INFOPLIST_KEY_UISupportedInterfaceOrientations_iPhone = "UIInterfaceOrientationPortrait UIInterfaceOrientationLandscapeLeft UIInterfaceOrientationLandscapeRight";
				LD_RUNPATH_SEARCH_PATHS = (
					"$(inherited)",
					"@executable_path/Frameworks",
				);
				MARKETING_VERSION = 1.0;
				PRODUCT_BUNDLE_IDENTIFIER = com.beto.firebaseUIkit;
				PRODUCT_NAME = "$(TARGET_NAME)";
				SWIFT_EMIT_LOC_STRINGS = YES;
				SWIFT_VERSION = 5.0;
				TARGETED_DEVICE_FAMILY = "1,2";
			};
			name = Debug;
		};
		9E63AF142B86B6CF007F3D40 /* Release */ = {
			isa = XCBuildConfiguration;
			buildSettings = {
				ASSETCATALOG_COMPILER_APPICON_NAME = AppIcon;
				ASSETCATALOG_COMPILER_GLOBAL_ACCENT_COLOR_NAME = AccentColor;
				CODE_SIGN_STYLE = Automatic;
				CURRENT_PROJECT_VERSION = 1;
				DEVELOPMENT_TEAM = 9QDXF859Y3;
				ENABLE_USER_SCRIPT_SANDBOXING = NO;
				GENERATE_INFOPLIST_FILE = YES;
				INFOPLIST_FILE = firebaseUIkit/Info.plist;
				INFOPLIST_KEY_UIApplicationSupportsIndirectInputEvents = YES;
				INFOPLIST_KEY_UILaunchStoryboardName = LaunchScreen;
				INFOPLIST_KEY_UIMainStoryboardFile = Main;
				INFOPLIST_KEY_UISupportedInterfaceOrientations_iPad = "UIInterfaceOrientationPortrait UIInterfaceOrientationPortraitUpsideDown UIInterfaceOrientationLandscapeLeft UIInterfaceOrientationLandscapeRight";
				INFOPLIST_KEY_UISupportedInterfaceOrientations_iPhone = "UIInterfaceOrientationPortrait UIInterfaceOrientationLandscapeLeft UIInterfaceOrientationLandscapeRight";
				LD_RUNPATH_SEARCH_PATHS = (
					"$(inherited)",
					"@executable_path/Frameworks",
				);
				MARKETING_VERSION = 1.0;
				PRODUCT_BUNDLE_IDENTIFIER = com.beto.firebaseUIkit;
				PRODUCT_NAME = "$(TARGET_NAME)";
				SWIFT_EMIT_LOC_STRINGS = YES;
				SWIFT_VERSION = 5.0;
				TARGETED_DEVICE_FAMILY = "1,2";
			};
			name = Release;
		};
/* End XCBuildConfiguration section */

/* Begin XCConfigurationList section */
		9E63AEF92B86B6CC007F3D40 /* Build configuration list for PBXProject "firebaseUIkit" */ = {
			isa = XCConfigurationList;
			buildConfigurations = (
				9E63AF102B86B6CF007F3D40 /* Debug */,
				9E63AF112B86B6CF007F3D40 /* Release */,
			);
			defaultConfigurationIsVisible = 0;
			defaultConfigurationName = Release;
		};
		9E63AF122B86B6CF007F3D40 /* Build configuration list for PBXNativeTarget "firebaseUIkit" */ = {
			isa = XCConfigurationList;
			buildConfigurations = (
				9E63AF132B86B6CF007F3D40 /* Debug */,
				9E63AF142B86B6CF007F3D40 /* Release */,
			);
			defaultConfigurationIsVisible = 0;
			defaultConfigurationName = Release;
		};
/* End XCConfigurationList section */
	};
	rootObject = 9E63AEF62B86B6CC007F3D40 /* Project object */;
}
